
Microsoft Visual Studio Solution File, Format Version 12.00
# Visual Studio Version 17
VisualStudioVersion = 17.9.34723.18
MinimumVisualStudioVersion = 10.0.40219.1
Project("{9A19103F-16F7-4668-BE54-9A1E7A4F7556}") = "BepInNode", "BepInNode\BepInNode.csproj", "{7C6F29F0-73ED-4E96-B075-0CCF8ADF1222}"
EndProject
Project("{2150E333-8FDC-42A3-9474-1A3956D46DE8}") = "Solution Items", "Solution Items", "{6F4D7D72-FC27-426C-B473-A0C85B47E4B9}"
	ProjectSection(SolutionItems) = preProject
		.editorconfig = .editorconfig
	EndProjectSection
EndProject
Global
	GlobalSection(SolutionConfigurationPlatforms) = preSolution
		Debug|Any CPU = Debug|Any CPU
		Release|Any CPU = Release|Any CPU
	EndGlobalSection
	GlobalSection(ProjectConfigurationPlatforms) = postSolution
		{7C6F29F0-73ED-4E96-B075-0CCF8ADF1222}.Debug|Any CPU.ActiveCfg = Debug|Any CPU
		{7C6F29F0-73ED-4E96-B075-0CCF8ADF1222}.Debug|Any CPU.Build.0 = Debug|Any CPU
		{7C6F29F0-73ED-4E96-B075-0CCF8ADF1222}.Release|Any CPU.ActiveCfg = Release|Any CPU
		{7C6F29F0-73ED-4E96-B075-0CCF8ADF1222}.Release|Any CPU.Build.0 = Release|Any CPU
	EndGlobalSection
	GlobalSection(SolutionProperties) = preSolution
		HideSolutionNode = FALSE
	EndGlobalSection
	GlobalSection(ExtensibilityGlobals) = postSolution
		SolutionGuid = {1614413F-95A3-417A-94B7-FC53611B5217}
	EndGlobalSection
EndGlobal
